// !$*UTF8*$!
{
	archiveVersion = 1;
	classes = {
	};
	objectVersion = 56;
	objects = {

/* Begin PBXBuildFile section */
		791497CA2956FC0200525E6A /* ConcurrencyHelpers in Frameworks */ = {isa = PBXBuildFile; productRef = 791497C92956FC0200525E6A /* ConcurrencyHelpers */; };
		791497CC2956FC0200525E6A /* DebuggingHelpers in Frameworks */ = {isa = PBXBuildFile; productRef = 791497CB2956FC0200525E6A /* DebuggingHelpers */; };
		791497CE2956FC0200525E6A /* Prelude in Frameworks */ = {isa = PBXBuildFile; productRef = 791497CD2956FC0200525E6A /* Prelude */; };
		791497D02956FC0200525E6A /* SwiftUIHelpers in Frameworks */ = {isa = PBXBuildFile; productRef = 791497CF2956FC0200525E6A /* SwiftUIHelpers */; };
		791497D32956FC5900525E6A /* ToastUI in Frameworks */ = {isa = PBXBuildFile; productRef = 791497D22956FC5900525E6A /* ToastUI */; };
		791497D52956FCA200525E6A /* ToastState.swift in Sources */ = {isa = PBXBuildFile; fileRef = 791497D42956FCA200525E6A /* ToastState.swift */; };
		791497D72956FF5F00525E6A /* ChannelListView.swift in Sources */ = {isa = PBXBuildFile; fileRef = 791497D62956FF5F00525E6A /* ChannelListView.swift */; };
		791497D92956FF9600525E6A /* Models.swift in Sources */ = {isa = PBXBuildFile; fileRef = 791497D82956FF9600525E6A /* Models.swift */; };
		791497DB295700B900525E6A /* APIClient.swift in Sources */ = {isa = PBXBuildFile; fileRef = 791497DA295700B900525E6A /* APIClient.swift */; };
		791497DD2957058000525E6A /* Store.swift in Sources */ = {isa = PBXBuildFile; fileRef = 791497DC2957058000525E6A /* Store.swift */; };
		793700DC29563D7A00D13E50 /* Dependencies in Frameworks */ = {isa = PBXBuildFile; productRef = 793700DB29563D7A00D13E50 /* Dependencies */; };
		7967ACAC2956200300C30D93 /* SupaSlackApp.swift in Sources */ = {isa = PBXBuildFile; fileRef = 7967ACAB2956200300C30D93 /* SupaSlackApp.swift */; };
		7967ACAE2956200300C30D93 /* AppView.swift in Sources */ = {isa = PBXBuildFile; fileRef = 7967ACAD2956200300C30D93 /* AppView.swift */; };
		7967ACB02956200400C30D93 /* Assets.xcassets in Resources */ = {isa = PBXBuildFile; fileRef = 7967ACAF2956200400C30D93 /* Assets.xcassets */; };
		7967ACB42956200400C30D93 /* Preview Assets.xcassets in Resources */ = {isa = PBXBuildFile; fileRef = 7967ACB32956200400C30D93 /* Preview Assets.xcassets */; };
		7967ACBC2956206700C30D93 /* Supabase in Frameworks */ = {isa = PBXBuildFile; productRef = 7967ACBB2956206700C30D93 /* Supabase */; };
		7967ACBF2956208100C30D93 /* IdentifiedCollections in Frameworks */ = {isa = PBXBuildFile; productRef = 7967ACBE2956208100C30D93 /* IdentifiedCollections */; };
		7967ACC2295620CD00C30D93 /* XCTestDynamicOverlay in Frameworks */ = {isa = PBXBuildFile; productRef = 7967ACC1295620CD00C30D93 /* XCTestDynamicOverlay */; };
		7967ACC5295620E100C30D93 /* SwiftUINavigation in Frameworks */ = {isa = PBXBuildFile; productRef = 7967ACC4295620E100C30D93 /* SwiftUINavigation */; };
		7967ACC7295620E100C30D93 /* _SwiftUINavigationState in Frameworks */ = {isa = PBXBuildFile; productRef = 7967ACC6295620E100C30D93 /* _SwiftUINavigationState */; };
		7967ACC92956212C00C30D93 /* AuthClient.swift in Sources */ = {isa = PBXBuildFile; fileRef = 7967ACC82956212C00C30D93 /* AuthClient.swift */; };
		7967ACCC2956216100C30D93 /* Tagged in Frameworks */ = {isa = PBXBuildFile; productRef = 7967ACCB2956216100C30D93 /* Tagged */; };
		7967ACD02956225100C30D93 /* AuthView.swift in Sources */ = {isa = PBXBuildFile; fileRef = 7967ACCF2956225100C30D93 /* AuthView.swift */; };
		7967ACD2295624CB00C30D93 /* SupaTextFieldStyle.swift in Sources */ = {isa = PBXBuildFile; fileRef = 7967ACD1295624CB00C30D93 /* SupaTextFieldStyle.swift */; };
		7967ACD42956255200C30D93 /* SupaButtonStyle.swift in Sources */ = {isa = PBXBuildFile; fileRef = 7967ACD32956255200C30D93 /* SupaButtonStyle.swift */; };
		7967ACD6295638FD00C30D93 /* Supabase.swift in Sources */ = {isa = PBXBuildFile; fileRef = 7967ACD5295638FD00C30D93 /* Supabase.swift */; };
		79D6A0CA2959D58D00186187 /* ComposeMessageView.swift in Sources */ = {isa = PBXBuildFile; fileRef = 79D6A0C92959D58D00186187 /* ComposeMessageView.swift */; };
		79D6A0CC2959D5CA00186187 /* MessageRowView.swift in Sources */ = {isa = PBXBuildFile; fileRef = 79D6A0CB2959D5CA00186187 /* MessageRowView.swift */; };
		79DB4CCB2959AB4200AE167A /* MessagesListView.swift in Sources */ = {isa = PBXBuildFile; fileRef = 79DB4CCA2959AB4200AE167A /* MessagesListView.swift */; };
/* End PBXBuildFile section */

/* Begin PBXFileReference section */
		791497D42956FCA200525E6A /* ToastState.swift */ = {isa = PBXFileReference; lastKnownFileType = sourcecode.swift; path = ToastState.swift; sourceTree = "<group>"; };
		791497D62956FF5F00525E6A /* ChannelListView.swift */ = {isa = PBXFileReference; lastKnownFileType = sourcecode.swift; path = ChannelListView.swift; sourceTree = "<group>"; };
		791497D82956FF9600525E6A /* Models.swift */ = {isa = PBXFileReference; lastKnownFileType = sourcecode.swift; path = Models.swift; sourceTree = "<group>"; };
		791497DA295700B900525E6A /* APIClient.swift */ = {isa = PBXFileReference; lastKnownFileType = sourcecode.swift; path = APIClient.swift; sourceTree = "<group>"; };
		791497DC2957058000525E6A /* Store.swift */ = {isa = PBXFileReference; lastKnownFileType = sourcecode.swift; path = Store.swift; sourceTree = "<group>"; };
		7967ACA82956200300C30D93 /* SupaSlack.app */ = {isa = PBXFileReference; explicitFileType = wrapper.application; includeInIndex = 0; path = SupaSlack.app; sourceTree = BUILT_PRODUCTS_DIR; };
		7967ACAB2956200300C30D93 /* SupaSlackApp.swift */ = {isa = PBXFileReference; lastKnownFileType = sourcecode.swift; path = SupaSlackApp.swift; sourceTree = "<group>"; };
		7967ACAD2956200300C30D93 /* AppView.swift */ = {isa = PBXFileReference; lastKnownFileType = sourcecode.swift; path = AppView.swift; sourceTree = "<group>"; };
		7967ACAF2956200400C30D93 /* Assets.xcassets */ = {isa = PBXFileReference; lastKnownFileType = folder.assetcatalog; path = Assets.xcassets; sourceTree = "<group>"; };
		7967ACB12956200400C30D93 /* SupaSlack.entitlements */ = {isa = PBXFileReference; lastKnownFileType = text.plist.entitlements; path = SupaSlack.entitlements; sourceTree = "<group>"; };
		7967ACB32956200400C30D93 /* Preview Assets.xcassets */ = {isa = PBXFileReference; lastKnownFileType = folder.assetcatalog; path = "Preview Assets.xcassets"; sourceTree = "<group>"; };
		7967ACC82956212C00C30D93 /* AuthClient.swift */ = {isa = PBXFileReference; lastKnownFileType = sourcecode.swift; path = AuthClient.swift; sourceTree = "<group>"; };
		7967ACCF2956225100C30D93 /* AuthView.swift */ = {isa = PBXFileReference; lastKnownFileType = sourcecode.swift; path = AuthView.swift; sourceTree = "<group>"; };
		7967ACD1295624CB00C30D93 /* SupaTextFieldStyle.swift */ = {isa = PBXFileReference; lastKnownFileType = sourcecode.swift; path = SupaTextFieldStyle.swift; sourceTree = "<group>"; };
		7967ACD32956255200C30D93 /* SupaButtonStyle.swift */ = {isa = PBXFileReference; lastKnownFileType = sourcecode.swift; path = SupaButtonStyle.swift; sourceTree = "<group>"; };
		7967ACD5295638FD00C30D93 /* Supabase.swift */ = {isa = PBXFileReference; lastKnownFileType = sourcecode.swift; path = Supabase.swift; sourceTree = "<group>"; };
		79D6A0C92959D58D00186187 /* ComposeMessageView.swift */ = {isa = PBXFileReference; lastKnownFileType = sourcecode.swift; path = ComposeMessageView.swift; sourceTree = "<group>"; };
		79D6A0CB2959D5CA00186187 /* MessageRowView.swift */ = {isa = PBXFileReference; lastKnownFileType = sourcecode.swift; path = MessageRowView.swift; sourceTree = "<group>"; };
		79DB4CCA2959AB4200AE167A /* MessagesListView.swift */ = {isa = PBXFileReference; lastKnownFileType = sourcecode.swift; path = MessagesListView.swift; sourceTree = "<group>"; };
/* End PBXFileReference section */

/* Begin PBXFrameworksBuildPhase section */
		7967ACA52956200300C30D93 /* Frameworks */ = {
			isa = PBXFrameworksBuildPhase;
			buildActionMask = 2147483647;
			files = (
				791497D32956FC5900525E6A /* ToastUI in Frameworks */,
				791497CA2956FC0200525E6A /* ConcurrencyHelpers in Frameworks */,
				7967ACCC2956216100C30D93 /* Tagged in Frameworks */,
				7967ACC5295620E100C30D93 /* SwiftUINavigation in Frameworks */,
				791497CC2956FC0200525E6A /* DebuggingHelpers in Frameworks */,
				7967ACBC2956206700C30D93 /* Supabase in Frameworks */,
				793700DC29563D7A00D13E50 /* Dependencies in Frameworks */,
				7967ACC2295620CD00C30D93 /* XCTestDynamicOverlay in Frameworks */,
				7967ACC7295620E100C30D93 /* _SwiftUINavigationState in Frameworks */,
				791497CE2956FC0200525E6A /* Prelude in Frameworks */,
				791497D02956FC0200525E6A /* SwiftUIHelpers in Frameworks */,
				7967ACBF2956208100C30D93 /* IdentifiedCollections in Frameworks */,
			);
			runOnlyForDeploymentPostprocessing = 0;
		};
/* End PBXFrameworksBuildPhase section */

/* Begin PBXGroup section */
		7967AC9F2956200300C30D93 = {
			isa = PBXGroup;
			children = (
				7967ACAA2956200300C30D93 /* SupaSlack */,
				7967ACA92956200300C30D93 /* Products */,
			);
			sourceTree = "<group>";
		};
		7967ACA92956200300C30D93 /* Products */ = {
			isa = PBXGroup;
			children = (
				7967ACA82956200300C30D93 /* SupaSlack.app */,
			);
			name = Products;
			sourceTree = "<group>";
		};
		7967ACAA2956200300C30D93 /* SupaSlack */ = {
			isa = PBXGroup;
			children = (
				7967ACAB2956200300C30D93 /* SupaSlackApp.swift */,
				7967ACAD2956200300C30D93 /* AppView.swift */,
				7967ACAF2956200400C30D93 /* Assets.xcassets */,
				7967ACB12956200400C30D93 /* SupaSlack.entitlements */,
				7967ACB22956200400C30D93 /* Preview Content */,
				7967ACC82956212C00C30D93 /* AuthClient.swift */,
				7967ACCF2956225100C30D93 /* AuthView.swift */,
				7967ACD1295624CB00C30D93 /* SupaTextFieldStyle.swift */,
				7967ACD32956255200C30D93 /* SupaButtonStyle.swift */,
				7967ACD5295638FD00C30D93 /* Supabase.swift */,
				791497D42956FCA200525E6A /* ToastState.swift */,
				791497D62956FF5F00525E6A /* ChannelListView.swift */,
				791497D82956FF9600525E6A /* Models.swift */,
				791497DA295700B900525E6A /* APIClient.swift */,
				791497DC2957058000525E6A /* Store.swift */,
				79DB4CCA2959AB4200AE167A /* MessagesListView.swift */,
				79D6A0C92959D58D00186187 /* ComposeMessageView.swift */,
				79D6A0CB2959D5CA00186187 /* MessageRowView.swift */,
			);
			path = SupaSlack;
			sourceTree = "<group>";
		};
		7967ACB22956200400C30D93 /* Preview Content */ = {
			isa = PBXGroup;
			children = (
				7967ACB32956200400C30D93 /* Preview Assets.xcassets */,
			);
			path = "Preview Content";
			sourceTree = "<group>";
		};
/* End PBXGroup section */

/* Begin PBXNativeTarget section */
		7967ACA72956200300C30D93 /* SupaSlack */ = {
			isa = PBXNativeTarget;
			buildConfigurationList = 7967ACB72956200400C30D93 /* Build configuration list for PBXNativeTarget "SupaSlack" */;
			buildPhases = (
				7967ACA42956200300C30D93 /* Sources */,
				7967ACA52956200300C30D93 /* Frameworks */,
				7967ACA62956200300C30D93 /* Resources */,
			);
			buildRules = (
			);
			dependencies = (
			);
			name = SupaSlack;
			packageProductDependencies = (
				7967ACBB2956206700C30D93 /* Supabase */,
				7967ACBE2956208100C30D93 /* IdentifiedCollections */,
				7967ACC1295620CD00C30D93 /* XCTestDynamicOverlay */,
				7967ACC4295620E100C30D93 /* SwiftUINavigation */,
				7967ACC6295620E100C30D93 /* _SwiftUINavigationState */,
				7967ACCB2956216100C30D93 /* Tagged */,
				793700DB29563D7A00D13E50 /* Dependencies */,
				791497C92956FC0200525E6A /* ConcurrencyHelpers */,
				791497CB2956FC0200525E6A /* DebuggingHelpers */,
				791497CD2956FC0200525E6A /* Prelude */,
				791497CF2956FC0200525E6A /* SwiftUIHelpers */,
				791497D22956FC5900525E6A /* ToastUI */,
			);
			productName = SupaSlack;
			productReference = 7967ACA82956200300C30D93 /* SupaSlack.app */;
			productType = "com.apple.product-type.application";
		};
/* End PBXNativeTarget section */

/* Begin PBXProject section */
		7967ACA02956200300C30D93 /* Project object */ = {
			isa = PBXProject;
			attributes = {
				BuildIndependentTargetsInParallel = 1;
				LastSwiftUpdateCheck = 1410;
				LastUpgradeCheck = 1410;
				TargetAttributes = {
					7967ACA72956200300C30D93 = {
						CreatedOnToolsVersion = 14.1;
					};
				};
			};
			buildConfigurationList = 7967ACA32956200300C30D93 /* Build configuration list for PBXProject "SupaSlack" */;
			compatibilityVersion = "Xcode 14.0";
			developmentRegion = en;
			hasScannedForEncodings = 0;
			knownRegions = (
				en,
				Base,
			);
			mainGroup = 7967AC9F2956200300C30D93;
			packageReferences = (
				7967ACBA2956206700C30D93 /* XCRemoteSwiftPackageReference "supabase-swift" */,
				7967ACBD2956208100C30D93 /* XCRemoteSwiftPackageReference "swift-identified-collections" */,
				7967ACC0295620CD00C30D93 /* XCRemoteSwiftPackageReference "xctest-dynamic-overlay" */,
				7967ACC3295620E100C30D93 /* XCRemoteSwiftPackageReference "swiftui-navigation" */,
				7967ACCA2956216100C30D93 /* XCRemoteSwiftPackageReference "swift-tagged" */,
				793700DA29563D7A00D13E50 /* XCRemoteSwiftPackageReference "swift-composable-architecture" */,
				791497C82956FC0200525E6A /* XCRemoteSwiftPackageReference "bs-apple-kit" */,
				791497D12956FC5900525E6A /* XCRemoteSwiftPackageReference "swiftui-toast" */,
			);
			productRefGroup = 7967ACA92956200300C30D93 /* Products */;
			projectDirPath = "";
			projectRoot = "";
			targets = (
				7967ACA72956200300C30D93 /* SupaSlack */,
			);
		};
/* End PBXProject section */

/* Begin PBXResourcesBuildPhase section */
		7967ACA62956200300C30D93 /* Resources */ = {
			isa = PBXResourcesBuildPhase;
			buildActionMask = 2147483647;
			files = (
				7967ACB42956200400C30D93 /* Preview Assets.xcassets in Resources */,
				7967ACB02956200400C30D93 /* Assets.xcassets in Resources */,
			);
			runOnlyForDeploymentPostprocessing = 0;
		};
/* End PBXResourcesBuildPhase section */

/* Begin PBXSourcesBuildPhase section */
		7967ACA42956200300C30D93 /* Sources */ = {
			isa = PBXSourcesBuildPhase;
			buildActionMask = 2147483647;
			files = (
				7967ACAE2956200300C30D93 /* AppView.swift in Sources */,
				7967ACD02956225100C30D93 /* AuthView.swift in Sources */,
				7967ACD42956255200C30D93 /* SupaButtonStyle.swift in Sources */,
				791497DD2957058000525E6A /* Store.swift in Sources */,
				7967ACD2295624CB00C30D93 /* SupaTextFieldStyle.swift in Sources */,
				79D6A0CA2959D58D00186187 /* ComposeMessageView.swift in Sources */,
				79D6A0CC2959D5CA00186187 /* MessageRowView.swift in Sources */,
				7967ACD6295638FD00C30D93 /* Supabase.swift in Sources */,
				791497DB295700B900525E6A /* APIClient.swift in Sources */,
				791497D72956FF5F00525E6A /* ChannelListView.swift in Sources */,
				7967ACC92956212C00C30D93 /* AuthClient.swift in Sources */,
				7967ACAC2956200300C30D93 /* SupaSlackApp.swift in Sources */,
				791497D52956FCA200525E6A /* ToastState.swift in Sources */,
				79DB4CCB2959AB4200AE167A /* MessagesListView.swift in Sources */,
				791497D92956FF9600525E6A /* Models.swift in Sources */,
			);
			runOnlyForDeploymentPostprocessing = 0;
		};
/* End PBXSourcesBuildPhase section */

/* Begin XCBuildConfiguration section */
		7967ACB52956200400C30D93 /* Debug */ = {
			isa = XCBuildConfiguration;
			buildSettings = {
				ALWAYS_SEARCH_USER_PATHS = NO;
				CLANG_ANALYZER_NONNULL = YES;
				CLANG_ANALYZER_NUMBER_OBJECT_CONVERSION = YES_AGGRESSIVE;
				CLANG_CXX_LANGUAGE_STANDARD = "gnu++20";
				CLANG_ENABLE_MODULES = YES;
				CLANG_ENABLE_OBJC_ARC = YES;
				CLANG_ENABLE_OBJC_WEAK = YES;
				CLANG_WARN_BLOCK_CAPTURE_AUTORELEASING = YES;
				CLANG_WARN_BOOL_CONVERSION = YES;
				CLANG_WARN_COMMA = YES;
				CLANG_WARN_CONSTANT_CONVERSION = YES;
				CLANG_WARN_DEPRECATED_OBJC_IMPLEMENTATIONS = YES;
				CLANG_WARN_DIRECT_OBJC_ISA_USAGE = YES_ERROR;
				CLANG_WARN_DOCUMENTATION_COMMENTS = YES;
				CLANG_WARN_EMPTY_BODY = YES;
				CLANG_WARN_ENUM_CONVERSION = YES;
				CLANG_WARN_INFINITE_RECURSION = YES;
				CLANG_WARN_INT_CONVERSION = YES;
				CLANG_WARN_NON_LITERAL_NULL_CONVERSION = YES;
				CLANG_WARN_OBJC_IMPLICIT_RETAIN_SELF = YES;
				CLANG_WARN_OBJC_LITERAL_CONVERSION = YES;
				CLANG_WARN_OBJC_ROOT_CLASS = YES_ERROR;
				CLANG_WARN_QUOTED_INCLUDE_IN_FRAMEWORK_HEADER = YES;
				CLANG_WARN_RANGE_LOOP_ANALYSIS = YES;
				CLANG_WARN_STRICT_PROTOTYPES = YES;
				CLANG_WARN_SUSPICIOUS_MOVE = YES;
				CLANG_WARN_UNGUARDED_AVAILABILITY = YES_AGGRESSIVE;
				CLANG_WARN_UNREACHABLE_CODE = YES;
				CLANG_WARN__DUPLICATE_METHOD_MATCH = YES;
				COPY_PHASE_STRIP = NO;
				DEBUG_INFORMATION_FORMAT = dwarf;
				ENABLE_STRICT_OBJC_MSGSEND = YES;
				ENABLE_TESTABILITY = YES;
				GCC_C_LANGUAGE_STANDARD = gnu11;
				GCC_DYNAMIC_NO_PIC = NO;
				GCC_NO_COMMON_BLOCKS = YES;
				GCC_OPTIMIZATION_LEVEL = 0;
				GCC_PREPROCESSOR_DEFINITIONS = (
					"DEBUG=1",
					"$(inherited)",
				);
				GCC_WARN_64_TO_32_BIT_CONVERSION = YES;
				GCC_WARN_ABOUT_RETURN_TYPE = YES_ERROR;
				GCC_WARN_UNDECLARED_SELECTOR = YES;
				GCC_WARN_UNINITIALIZED_AUTOS = YES_AGGRESSIVE;
				GCC_WARN_UNUSED_FUNCTION = YES;
				GCC_WARN_UNUSED_VARIABLE = YES;
				MTL_ENABLE_DEBUG_INFO = INCLUDE_SOURCE;
				MTL_FAST_MATH = YES;
				ONLY_ACTIVE_ARCH = YES;
				SWIFT_ACTIVE_COMPILATION_CONDITIONS = DEBUG;
				SWIFT_OPTIMIZATION_LEVEL = "-Onone";
			};
			name = Debug;
		};
		7967ACB62956200400C30D93 /* Release */ = {
			isa = XCBuildConfiguration;
			buildSettings = {
				ALWAYS_SEARCH_USER_PATHS = NO;
				CLANG_ANALYZER_NONNULL = YES;
				CLANG_ANALYZER_NUMBER_OBJECT_CONVERSION = YES_AGGRESSIVE;
				CLANG_CXX_LANGUAGE_STANDARD = "gnu++20";
				CLANG_ENABLE_MODULES = YES;
				CLANG_ENABLE_OBJC_ARC = YES;
				CLANG_ENABLE_OBJC_WEAK = YES;
				CLANG_WARN_BLOCK_CAPTURE_AUTORELEASING = YES;
				CLANG_WARN_BOOL_CONVERSION = YES;
				CLANG_WARN_COMMA = YES;
				CLANG_WARN_CONSTANT_CONVERSION = YES;
				CLANG_WARN_DEPRECATED_OBJC_IMPLEMENTATIONS = YES;
				CLANG_WARN_DIRECT_OBJC_ISA_USAGE = YES_ERROR;
				CLANG_WARN_DOCUMENTATION_COMMENTS = YES;
				CLANG_WARN_EMPTY_BODY = YES;
				CLANG_WARN_ENUM_CONVERSION = YES;
				CLANG_WARN_INFINITE_RECURSION = YES;
				CLANG_WARN_INT_CONVERSION = YES;
				CLANG_WARN_NON_LITERAL_NULL_CONVERSION = YES;
				CLANG_WARN_OBJC_IMPLICIT_RETAIN_SELF = YES;
				CLANG_WARN_OBJC_LITERAL_CONVERSION = YES;
				CLANG_WARN_OBJC_ROOT_CLASS = YES_ERROR;
				CLANG_WARN_QUOTED_INCLUDE_IN_FRAMEWORK_HEADER = YES;
				CLANG_WARN_RANGE_LOOP_ANALYSIS = YES;
				CLANG_WARN_STRICT_PROTOTYPES = YES;
				CLANG_WARN_SUSPICIOUS_MOVE = YES;
				CLANG_WARN_UNGUARDED_AVAILABILITY = YES_AGGRESSIVE;
				CLANG_WARN_UNREACHABLE_CODE = YES;
				CLANG_WARN__DUPLICATE_METHOD_MATCH = YES;
				COPY_PHASE_STRIP = NO;
				DEBUG_INFORMATION_FORMAT = "dwarf-with-dsym";
				ENABLE_NS_ASSERTIONS = NO;
				ENABLE_STRICT_OBJC_MSGSEND = YES;
				GCC_C_LANGUAGE_STANDARD = gnu11;
				GCC_NO_COMMON_BLOCKS = YES;
				GCC_WARN_64_TO_32_BIT_CONVERSION = YES;
				GCC_WARN_ABOUT_RETURN_TYPE = YES_ERROR;
				GCC_WARN_UNDECLARED_SELECTOR = YES;
				GCC_WARN_UNINITIALIZED_AUTOS = YES_AGGRESSIVE;
				GCC_WARN_UNUSED_FUNCTION = YES;
				GCC_WARN_UNUSED_VARIABLE = YES;
				MTL_ENABLE_DEBUG_INFO = NO;
				MTL_FAST_MATH = YES;
				SWIFT_COMPILATION_MODE = wholemodule;
				SWIFT_OPTIMIZATION_LEVEL = "-O";
			};
			name = Release;
		};
		7967ACB82956200400C30D93 /* Debug */ = {
			isa = XCBuildConfiguration;
			buildSettings = {
				ASSETCATALOG_COMPILER_APPICON_NAME = AppIcon;
				ASSETCATALOG_COMPILER_GLOBAL_ACCENT_COLOR_NAME = AccentColor;
				CODE_SIGN_ENTITLEMENTS = SupaSlack/SupaSlack.entitlements;
				CODE_SIGN_STYLE = Automatic;
				CURRENT_PROJECT_VERSION = 1;
				DEVELOPMENT_ASSET_PATHS = "\"SupaSlack/Preview Content\"";
				DEVELOPMENT_TEAM = ELTTE7K8TT;
				ENABLE_HARDENED_RUNTIME = YES;
				ENABLE_PREVIEWS = YES;
				GENERATE_INFOPLIST_FILE = YES;
				"INFOPLIST_KEY_UIApplicationSceneManifest_Generation[sdk=iphoneos*]" = YES;
				"INFOPLIST_KEY_UIApplicationSceneManifest_Generation[sdk=iphonesimulator*]" = YES;
				"INFOPLIST_KEY_UIApplicationSupportsIndirectInputEvents[sdk=iphoneos*]" = YES;
				"INFOPLIST_KEY_UIApplicationSupportsIndirectInputEvents[sdk=iphonesimulator*]" = YES;
				"INFOPLIST_KEY_UILaunchScreen_Generation[sdk=iphoneos*]" = YES;
				"INFOPLIST_KEY_UILaunchScreen_Generation[sdk=iphonesimulator*]" = YES;
				"INFOPLIST_KEY_UIStatusBarStyle[sdk=iphoneos*]" = UIStatusBarStyleDefault;
				"INFOPLIST_KEY_UIStatusBarStyle[sdk=iphonesimulator*]" = UIStatusBarStyleDefault;
				INFOPLIST_KEY_UISupportedInterfaceOrientations_iPad = "UIInterfaceOrientationPortrait UIInterfaceOrientationPortraitUpsideDown UIInterfaceOrientationLandscapeLeft UIInterfaceOrientationLandscapeRight";
				INFOPLIST_KEY_UISupportedInterfaceOrientations_iPhone = "UIInterfaceOrientationPortrait UIInterfaceOrientationLandscapeLeft UIInterfaceOrientationLandscapeRight";
				IPHONEOS_DEPLOYMENT_TARGET = 16.1;
				LD_RUNPATH_SEARCH_PATHS = "@executable_path/Frameworks";
				"LD_RUNPATH_SEARCH_PATHS[sdk=macosx*]" = "@executable_path/../Frameworks";
				MACOSX_DEPLOYMENT_TARGET = 13.0;
				MARKETING_VERSION = 1.0;
				PRODUCT_BUNDLE_IDENTIFIER = co.binaryscraping.SupaSlack;
				PRODUCT_NAME = "$(TARGET_NAME)";
				SDKROOT = auto;
				SUPPORTED_PLATFORMS = "iphoneos iphonesimulator macosx";
				SWIFT_EMIT_LOC_STRINGS = YES;
				SWIFT_STRICT_CONCURRENCY = complete;
				SWIFT_VERSION = 5.0;
				TARGETED_DEVICE_FAMILY = "1,2";
			};
			name = Debug;
		};
		7967ACB92956200400C30D93 /* Release */ = {
			isa = XCBuildConfiguration;
			buildSettings = {
				ASSETCATALOG_COMPILER_APPICON_NAME = AppIcon;
				ASSETCATALOG_COMPILER_GLOBAL_ACCENT_COLOR_NAME = AccentColor;
				CODE_SIGN_ENTITLEMENTS = SupaSlack/SupaSlack.entitlements;
				CODE_SIGN_STYLE = Automatic;
				CURRENT_PROJECT_VERSION = 1;
				DEVELOPMENT_ASSET_PATHS = "\"SupaSlack/Preview Content\"";
				DEVELOPMENT_TEAM = ELTTE7K8TT;
				ENABLE_HARDENED_RUNTIME = YES;
				ENABLE_PREVIEWS = YES;
				GENERATE_INFOPLIST_FILE = YES;
				"INFOPLIST_KEY_UIApplicationSceneManifest_Generation[sdk=iphoneos*]" = YES;
				"INFOPLIST_KEY_UIApplicationSceneManifest_Generation[sdk=iphonesimulator*]" = YES;
				"INFOPLIST_KEY_UIApplicationSupportsIndirectInputEvents[sdk=iphoneos*]" = YES;
				"INFOPLIST_KEY_UIApplicationSupportsIndirectInputEvents[sdk=iphonesimulator*]" = YES;
				"INFOPLIST_KEY_UILaunchScreen_Generation[sdk=iphoneos*]" = YES;
				"INFOPLIST_KEY_UILaunchScreen_Generation[sdk=iphonesimulator*]" = YES;
				"INFOPLIST_KEY_UIStatusBarStyle[sdk=iphoneos*]" = UIStatusBarStyleDefault;
				"INFOPLIST_KEY_UIStatusBarStyle[sdk=iphonesimulator*]" = UIStatusBarStyleDefault;
				INFOPLIST_KEY_UISupportedInterfaceOrientations_iPad = "UIInterfaceOrientationPortrait UIInterfaceOrientationPortraitUpsideDown UIInterfaceOrientationLandscapeLeft UIInterfaceOrientationLandscapeRight";
				INFOPLIST_KEY_UISupportedInterfaceOrientations_iPhone = "UIInterfaceOrientationPortrait UIInterfaceOrientationLandscapeLeft UIInterfaceOrientationLandscapeRight";
				IPHONEOS_DEPLOYMENT_TARGET = 16.1;
				LD_RUNPATH_SEARCH_PATHS = "@executable_path/Frameworks";
				"LD_RUNPATH_SEARCH_PATHS[sdk=macosx*]" = "@executable_path/../Frameworks";
				MACOSX_DEPLOYMENT_TARGET = 13.0;
				MARKETING_VERSION = 1.0;
				PRODUCT_BUNDLE_IDENTIFIER = co.binaryscraping.SupaSlack;
				PRODUCT_NAME = "$(TARGET_NAME)";
				SDKROOT = auto;
				SUPPORTED_PLATFORMS = "iphoneos iphonesimulator macosx";
				SWIFT_EMIT_LOC_STRINGS = YES;
				SWIFT_STRICT_CONCURRENCY = complete;
				SWIFT_VERSION = 5.0;
				TARGETED_DEVICE_FAMILY = "1,2";
			};
			name = Release;
		};
/* End XCBuildConfiguration section */

/* Begin XCConfigurationList section */
		7967ACA32956200300C30D93 /* Build configuration list for PBXProject "SupaSlack" */ = {
			isa = XCConfigurationList;
			buildConfigurations = (
				7967ACB52956200400C30D93 /* Debug */,
				7967ACB62956200400C30D93 /* Release */,
			);
			defaultConfigurationIsVisible = 0;
			defaultConfigurationName = Release;
		};
		7967ACB72956200400C30D93 /* Build configuration list for PBXNativeTarget "SupaSlack" */ = {
			isa = XCConfigurationList;
			buildConfigurations = (
				7967ACB82956200400C30D93 /* Debug */,
				7967ACB92956200400C30D93 /* Release */,
			);
			defaultConfigurationIsVisible = 0;
			defaultConfigurationName = Release;
		};
/* End XCConfigurationList section */

/* Begin XCRemoteSwiftPackageReference section */
		791497C82956FC0200525E6A /* XCRemoteSwiftPackageReference "bs-apple-kit" */ = {
			isa = XCRemoteSwiftPackageReference;
			repositoryURL = "https://github.com/binaryscraping/bs-apple-kit";
			requirement = {
				branch = main;
				kind = branch;
			};
		};
		791497D12956FC5900525E6A /* XCRemoteSwiftPackageReference "swiftui-toast" */ = {
			isa = XCRemoteSwiftPackageReference;
			repositoryURL = "https://github.com/binaryscraping/swiftui-toast";
			requirement = {
				branch = main;
				kind = branch;
			};
		};
		793700DA29563D7A00D13E50 /* XCRemoteSwiftPackageReference "swift-composable-architecture" */ = {
			isa = XCRemoteSwiftPackageReference;
			repositoryURL = "https://github.com/pointfreeco/swift-composable-architecture.git";
			requirement = {
				kind = upToNextMajorVersion;
				minimumVersion = 0.47.2;
			};
		};
		7967ACBA2956206700C30D93 /* XCRemoteSwiftPackageReference "supabase-swift" */ = {
			isa = XCRemoteSwiftPackageReference;
			repositoryURL = "https://github.com/supabase-community/supabase-swift";
			requirement = {
				branch = "release-candidate";
				kind = branch;
			};
		};
		7967ACBD2956208100C30D93 /* XCRemoteSwiftPackageReference "swift-identified-collections" */ = {
			isa = XCRemoteSwiftPackageReference;
			repositoryURL = "https://github.com/pointfreeco/swift-identified-collections.git";
			requirement = {
				kind = upToNextMajorVersion;
				minimumVersion = 0.5.0;
			};
		};
		7967ACC0295620CD00C30D93 /* XCRemoteSwiftPackageReference "xctest-dynamic-overlay" */ = {
			isa = XCRemoteSwiftPackageReference;
			repositoryURL = "https://github.com/pointfreeco/xctest-dynamic-overlay.git";
			requirement = {
				kind = upToNextMajorVersion;
				minimumVersion = 0.7.0;
			};
		};
		7967ACC3295620E100C30D93 /* XCRemoteSwiftPackageReference "swiftui-navigation" */ = {
			isa = XCRemoteSwiftPackageReference;
			repositoryURL = "https://github.com/pointfreeco/swiftui-navigation.git";
			requirement = {
				kind = upToNextMajorVersion;
				minimumVersion = 0.4.5;
			};
		};
		7967ACCA2956216100C30D93 /* XCRemoteSwiftPackageReference "swift-tagged" */ = {
			isa = XCRemoteSwiftPackageReference;
			repositoryURL = "https://github.com/pointfreeco/swift-tagged.git";
			requirement = {
				kind = upToNextMajorVersion;
				minimumVersion = 0.9.0;
			};
		};
/* End XCRemoteSwiftPackageReference section */

/* Begin XCSwiftPackageProductDependency section */
		791497C92956FC0200525E6A /* ConcurrencyHelpers */ = {
			isa = XCSwiftPackageProductDependency;
			package = 791497C82956FC0200525E6A /* XCRemoteSwiftPackageReference "bs-apple-kit" */;
			productName = ConcurrencyHelpers;
		};
		791497CB2956FC0200525E6A /* DebuggingHelpers */ = {
			isa = XCSwiftPackageProductDependency;
			package = 791497C82956FC0200525E6A /* XCRemoteSwiftPackageReference "bs-apple-kit" */;
			productName = DebuggingHelpers;
		};
		791497CD2956FC0200525E6A /* Prelude */ = {
			isa = XCSwiftPackageProductDependency;
			package = 791497C82956FC0200525E6A /* XCRemoteSwiftPackageReference "bs-apple-kit" */;
			productName = Prelude;
		};
		791497CF2956FC0200525E6A /* SwiftUIHelpers */ = {
			isa = XCSwiftPackageProductDependency;
			package = 791497C82956FC0200525E6A /* XCRemoteSwiftPackageReference "bs-apple-kit" */;
			productName = SwiftUIHelpers;
		};
		791497D22956FC5900525E6A /* ToastUI */ = {
			isa = XCSwiftPackageProductDependency;
			package = 791497D12956FC5900525E6A /* XCRemoteSwiftPackageReference "swiftui-toast" */;
			productName = ToastUI;
		};
		793700DB29563D7A00D13E50 /* Dependencies */ = {
			isa = XCSwiftPackageProductDependency;
			package = 793700DA29563D7A00D13E50 /* XCRemoteSwiftPackageReference "swift-composable-architecture" */;
			productName = Dependencies;
		};
		7967ACBB2956206700C30D93 /* Supabase */ = {
			isa = XCSwiftPackageProductDependency;
			package = 7967ACBA2956206700C30D93 /* XCRemoteSwiftPackageReference "supabase-swift" */;
			productName = Supabase;
		};
		7967ACBE2956208100C30D93 /* IdentifiedCollections */ = {
			isa = XCSwiftPackageProductDependency;
			package = 7967ACBD2956208100C30D93 /* XCRemoteSwiftPackageReference "swift-identified-collections" */;
			productName = IdentifiedCollections;
		};
		7967ACC1295620CD00C30D93 /* XCTestDynamicOverlay */ = {
			isa = XCSwiftPackageProductDependency;
			package = 7967ACC0295620CD00C30D93 /* XCRemoteSwiftPackageReference "xctest-dynamic-overlay" */;
			productName = XCTestDynamicOverlay;
		};
		7967ACC4295620E100C30D93 /* SwiftUINavigation */ = {
			isa = XCSwiftPackageProductDependency;
			package = 7967ACC3295620E100C30D93 /* XCRemoteSwiftPackageReference "swiftui-navigation" */;
			productName = SwiftUINavigation;
		};
		7967ACC6295620E100C30D93 /* _SwiftUINavigationState */ = {
			isa = XCSwiftPackageProductDependency;
			package = 7967ACC3295620E100C30D93 /* XCRemoteSwiftPackageReference "swiftui-navigation" */;
			productName = _SwiftUINavigationState;
		};
		7967ACCB2956216100C30D93 /* Tagged */ = {
			isa = XCSwiftPackageProductDependency;
			package = 7967ACCA2956216100C30D93 /* XCRemoteSwiftPackageReference "swift-tagged" */;
			productName = Tagged;
		};
/* End XCSwiftPackageProductDependency section */
	};
	rootObject = 7967ACA02956200300C30D93 /* Project object */;
}
